
Microsoft Visual Studio Solution File, Format Version 12.00
# Visual Studio Version 17
VisualStudioVersion = 17.5.002.0
MinimumVisualStudioVersion = 10.0.40219.1
Project("{2150E333-8FDC-42A3-9474-1A3956D46DE8}") = "dotnet", "dotnet", "{5DFE1E78-0B28-4846-B3C2-B104ADC8B6D4}"
EndProject
Project("{2150E333-8FDC-42A3-9474-1A3956D46DE8}") = "DemoApp", "DemoApp", "{24B0B289-24E3-489F-B4CA-34B63E3D6B52}"
EndProject
Project("{9A19103F-16F7-4668-BE54-9A1E7A4F7556}") = "Core.Utilities", "dotnet\DemoApp\Core.Utilities\Core.Utilities.csproj", "{CA6FB297-DF00-47EC-8290-5F3FA5D6A7F2}"
EndProject
Project("{2150E333-8FDC-42A3-9474-1A3956D46DE8}") = "BaseballService", "BaseballService", "{8B7116CE-FC8A-47F0-AB34-8BD66DE06F57}"
EndProject
Project("{9A19103F-16F7-4668-BE54-9A1E7A4F7556}") = "Baseball.Api", "dotnet\BaseballService\Api\Baseball.Api.csproj", "{24A4407C-224C-4AE7-A325-5D0B99256398}"
EndProject
Project("{9A19103F-16F7-4668-BE54-9A1E7A4F7556}") = "Baseball.Api.Client", "dotnet\BaseballService\Api.Client\Baseball.Api.Client.csproj", "{D2F58B25-6DB4-4F16-B669-5878E65A25AB}"
EndProject
Project("{9A19103F-16F7-4668-BE54-9A1E7A4F7556}") = "Baseball.Abstractions", "dotnet\BaseballService\Abstractions\Baseball.Abstractions.csproj", "{0D759E35-7DC1-4C8A-8E95-22D2042FDB6F}"
EndProject
Project("{2150E333-8FDC-42A3-9474-1A3956D46DE8}") = "Solutions", "Solutions", "{A61C1917-E725-4D08-8615-46D12D49C7AE}"
EndProject
Project("{9A19103F-16F7-4668-BE54-9A1E7A4F7556}") = "Solution6", "dotnet\DemoApp\Solutions\Solution6\Solution6.csproj", "{47502863-9201-4969-8127-C03A6F27A662}"
EndProject
Project("{9A19103F-16F7-4668-BE54-9A1E7A4F7556}") = "Solution5", "dotnet\DemoApp\Solutions\Solution5\Solution5.csproj", "{1EEC6A2E-E053-49DF-A4E2-7553EB1ABD88}"
EndProject
Project("{9A19103F-16F7-4668-BE54-9A1E7A4F7556}") = "Solution4", "dotnet\DemoApp\Solutions\Solution4\Solution4.csproj", "{37A1DBEE-E627-4123-8F83-AE5947764C6C}"
EndProject
Project("{9A19103F-16F7-4668-BE54-9A1E7A4F7556}") = "Solution2", "dotnet\DemoApp\Solutions\Solution2\Solution2.csproj", "{5134C159-FC82-47EC-899E-B41FBFCBBF6D}"
EndProject
Project("{9A19103F-16F7-4668-BE54-9A1E7A4F7556}") = "Solution1", "dotnet\DemoApp\Solutions\Solution1\Solution1.csproj", "{F40D392E-E8C2-41BE-B827-CDB2DFC671F3}"
EndProject
Project("{9A19103F-16F7-4668-BE54-9A1E7A4F7556}") = "Solution7", "dotnet\DemoApp\Solutions\Solution7\Solution7.csproj", "{996B19F7-501A-4206-85B3-ECB487D6B1BC}"
EndProject
Project("{9A19103F-16F7-4668-BE54-9A1E7A4F7556}") = "Solution3", "dotnet\DemoApp\Solutions\Solution3\Solution3.csproj", "{1A1C5E2C-5834-4826-82EE-73A0874E3C74}"
EndProject
Project("{2150E333-8FDC-42A3-9474-1A3956D46DE8}") = "Workshops", "Workshops", "{D71FB226-128D-4655-AFCC-D80E51489D4A}"
EndProject
Project("{2150E333-8FDC-42A3-9474-1A3956D46DE8}") = "CustomConnector", "CustomConnector", "{335038A0-D46D-49AD-A315-6DA78B03205B}"
EndProject
Project("{9A19103F-16F7-4668-BE54-9A1E7A4F7556}") = "CustomConnector.tests", "dotnet\Workshops\CustomConnector\tests\CustomConnector.tests.csproj", "{FB1C4323-2A61-4D20-AAE7-045009E135C9}"
EndProject
Project("{9A19103F-16F7-4668-BE54-9A1E7A4F7556}") = "CustomConnector.Sample", "dotnet\Workshops\CustomConnector\sample\CustomConnector.Sample.csproj", "{BB1CA918-B56C-43F3-8A98-6FC1B014344F}"
EndProject
Project("{9A19103F-16F7-4668-BE54-9A1E7A4F7556}") = "CustomConnector", "dotnet\Workshops\CustomConnector\src\CustomConnector.csproj", "{96799469-6526-44B2-8311-04EAE89E3081}"
EndProject
Global
	GlobalSection(SolutionConfigurationPlatforms) = preSolution
		Debug|Any CPU = Debug|Any CPU
		Release|Any CPU = Release|Any CPU
	EndGlobalSection
	GlobalSection(ProjectConfigurationPlatforms) = postSolution
		{CA6FB297-DF00-47EC-8290-5F3FA5D6A7F2}.Debug|Any CPU.ActiveCfg = Debug|Any CPU
		{CA6FB297-DF00-47EC-8290-5F3FA5D6A7F2}.Debug|Any CPU.Build.0 = Debug|Any CPU
		{CA6FB297-DF00-47EC-8290-5F3FA5D6A7F2}.Release|Any CPU.ActiveCfg = Release|Any CPU
		{CA6FB297-DF00-47EC-8290-5F3FA5D6A7F2}.Release|Any CPU.Build.0 = Release|Any CPU
		{24A4407C-224C-4AE7-A325-5D0B99256398}.Debug|Any CPU.ActiveCfg = Debug|Any CPU
		{24A4407C-224C-4AE7-A325-5D0B99256398}.Debug|Any CPU.Build.0 = Debug|Any CPU
		{24A4407C-224C-4AE7-A325-5D0B99256398}.Release|Any CPU.ActiveCfg = Release|Any CPU
		{24A4407C-224C-4AE7-A325-5D0B99256398}.Release|Any CPU.Build.0 = Release|Any CPU
		{D2F58B25-6DB4-4F16-B669-5878E65A25AB}.Debug|Any CPU.ActiveCfg = Debug|Any CPU
		{D2F58B25-6DB4-4F16-B669-5878E65A25AB}.Debug|Any CPU.Build.0 = Debug|Any CPU
		{D2F58B25-6DB4-4F16-B669-5878E65A25AB}.Release|Any CPU.ActiveCfg = Release|Any CPU
		{D2F58B25-6DB4-4F16-B669-5878E65A25AB}.Release|Any CPU.Build.0 = Release|Any CPU
		{0D759E35-7DC1-4C8A-8E95-22D2042FDB6F}.Debug|Any CPU.ActiveCfg = Debug|Any CPU
		{0D759E35-7DC1-4C8A-8E95-22D2042FDB6F}.Debug|Any CPU.Build.0 = Debug|Any CPU
		{0D759E35-7DC1-4C8A-8E95-22D2042FDB6F}.Release|Any CPU.ActiveCfg = Release|Any CPU
		{0D759E35-7DC1-4C8A-8E95-22D2042FDB6F}.Release|Any CPU.Build.0 = Release|Any CPU
		{47502863-9201-4969-8127-C03A6F27A662}.Debug|Any CPU.ActiveCfg = Debug|Any CPU
		{47502863-9201-4969-8127-C03A6F27A662}.Debug|Any CPU.Build.0 = Debug|Any CPU
		{47502863-9201-4969-8127-C03A6F27A662}.Release|Any CPU.ActiveCfg = Release|Any CPU
		{47502863-9201-4969-8127-C03A6F27A662}.Release|Any CPU.Build.0 = Release|Any CPU
		{1EEC6A2E-E053-49DF-A4E2-7553EB1ABD88}.Debug|Any CPU.ActiveCfg = Debug|Any CPU
		{1EEC6A2E-E053-49DF-A4E2-7553EB1ABD88}.Debug|Any CPU.Build.0 = Debug|Any CPU
		{1EEC6A2E-E053-49DF-A4E2-7553EB1ABD88}.Release|Any CPU.ActiveCfg = Release|Any CPU
		{1EEC6A2E-E053-49DF-A4E2-7553EB1ABD88}.Release|Any CPU.Build.0 = Release|Any CPU
		{37A1DBEE-E627-4123-8F83-AE5947764C6C}.Debug|Any CPU.ActiveCfg = Debug|Any CPU
		{37A1DBEE-E627-4123-8F83-AE5947764C6C}.Debug|Any CPU.Build.0 = Debug|Any CPU
		{37A1DBEE-E627-4123-8F83-AE5947764C6C}.Release|Any CPU.ActiveCfg = Release|Any CPU
		{37A1DBEE-E627-4123-8F83-AE5947764C6C}.Release|Any CPU.Build.0 = Release|Any CPU
		{5134C159-FC82-47EC-899E-B41FBFCBBF6D}.Debug|Any CPU.ActiveCfg = Debug|Any CPU
		{5134C159-FC82-47EC-899E-B41FBFCBBF6D}.Debug|Any CPU.Build.0 = Debug|Any CPU
		{5134C159-FC82-47EC-899E-B41FBFCBBF6D}.Release|Any CPU.ActiveCfg = Release|Any CPU
		{5134C159-FC82-47EC-899E-B41FBFCBBF6D}.Release|Any CPU.Build.0 = Release|Any CPU
		{F40D392E-E8C2-41BE-B827-CDB2DFC671F3}.Debug|Any CPU.ActiveCfg = Debug|Any CPU
		{F40D392E-E8C2-41BE-B827-CDB2DFC671F3}.Debug|Any CPU.Build.0 = Debug|Any CPU
		{F40D392E-E8C2-41BE-B827-CDB2DFC671F3}.Release|Any CPU.ActiveCfg = Release|Any CPU
		{F40D392E-E8C2-41BE-B827-CDB2DFC671F3}.Release|Any CPU.Build.0 = Release|Any CPU
		{996B19F7-501A-4206-85B3-ECB487D6B1BC}.Debug|Any CPU.ActiveCfg = Debug|Any CPU
		{996B19F7-501A-4206-85B3-ECB487D6B1BC}.Debug|Any CPU.Build.0 = Debug|Any CPU
		{996B19F7-501A-4206-85B3-ECB487D6B1BC}.Release|Any CPU.ActiveCfg = Release|Any CPU
		{996B19F7-501A-4206-85B3-ECB487D6B1BC}.Release|Any CPU.Build.0 = Release|Any CPU
		{1A1C5E2C-5834-4826-82EE-73A0874E3C74}.Debug|Any CPU.ActiveCfg = Debug|Any CPU
		{1A1C5E2C-5834-4826-82EE-73A0874E3C74}.Debug|Any CPU.Build.0 = Debug|Any CPU
		{1A1C5E2C-5834-4826-82EE-73A0874E3C74}.Release|Any CPU.ActiveCfg = Release|Any CPU
		{1A1C5E2C-5834-4826-82EE-73A0874E3C74}.Release|Any CPU.Build.0 = Release|Any CPU
		{FB1C4323-2A61-4D20-AAE7-045009E135C9}.Debug|Any CPU.ActiveCfg = Debug|Any CPU
		{FB1C4323-2A61-4D20-AAE7-045009E135C9}.Debug|Any CPU.Build.0 = Debug|Any CPU
		{FB1C4323-2A61-4D20-AAE7-045009E135C9}.Release|Any CPU.ActiveCfg = Release|Any CPU
		{FB1C4323-2A61-4D20-AAE7-045009E135C9}.Release|Any CPU.Build.0 = Release|Any CPU
		{BB1CA918-B56C-43F3-8A98-6FC1B014344F}.Debug|Any CPU.ActiveCfg = Debug|Any CPU
		{BB1CA918-B56C-43F3-8A98-6FC1B014344F}.Debug|Any CPU.Build.0 = Debug|Any CPU
		{BB1CA918-B56C-43F3-8A98-6FC1B014344F}.Release|Any CPU.ActiveCfg = Release|Any CPU
		{BB1CA918-B56C-43F3-8A98-6FC1B014344F}.Release|Any CPU.Build.0 = Release|Any CPU
		{96799469-6526-44B2-8311-04EAE89E3081}.Debug|Any CPU.ActiveCfg = Debug|Any CPU
		{96799469-6526-44B2-8311-04EAE89E3081}.Debug|Any CPU.Build.0 = Debug|Any CPU
		{96799469-6526-44B2-8311-04EAE89E3081}.Release|Any CPU.ActiveCfg = Release|Any CPU
		{96799469-6526-44B2-8311-04EAE89E3081}.Release|Any CPU.Build.0 = Release|Any CPU
	EndGlobalSection
	GlobalSection(SolutionProperties) = preSolution
		HideSolutionNode = FALSE
	EndGlobalSection
	GlobalSection(NestedProjects) = preSolution
		{24B0B289-24E3-489F-B4CA-34B63E3D6B52} = {5DFE1E78-0B28-4846-B3C2-B104ADC8B6D4}
		{CA6FB297-DF00-47EC-8290-5F3FA5D6A7F2} = {24B0B289-24E3-489F-B4CA-34B63E3D6B52}
		{8B7116CE-FC8A-47F0-AB34-8BD66DE06F57} = {5DFE1E78-0B28-4846-B3C2-B104ADC8B6D4}
		{24A4407C-224C-4AE7-A325-5D0B99256398} = {8B7116CE-FC8A-47F0-AB34-8BD66DE06F57}
		{D2F58B25-6DB4-4F16-B669-5878E65A25AB} = {8B7116CE-FC8A-47F0-AB34-8BD66DE06F57}
		{0D759E35-7DC1-4C8A-8E95-22D2042FDB6F} = {8B7116CE-FC8A-47F0-AB34-8BD66DE06F57}
		{A61C1917-E725-4D08-8615-46D12D49C7AE} = {24B0B289-24E3-489F-B4CA-34B63E3D6B52}
		{47502863-9201-4969-8127-C03A6F27A662} = {A61C1917-E725-4D08-8615-46D12D49C7AE}
		{1EEC6A2E-E053-49DF-A4E2-7553EB1ABD88} = {A61C1917-E725-4D08-8615-46D12D49C7AE}
		{37A1DBEE-E627-4123-8F83-AE5947764C6C} = {A61C1917-E725-4D08-8615-46D12D49C7AE}
		{5134C159-FC82-47EC-899E-B41FBFCBBF6D} = {A61C1917-E725-4D08-8615-46D12D49C7AE}
		{F40D392E-E8C2-41BE-B827-CDB2DFC671F3} = {A61C1917-E725-4D08-8615-46D12D49C7AE}
		{996B19F7-501A-4206-85B3-ECB487D6B1BC} = {A61C1917-E725-4D08-8615-46D12D49C7AE}
		{1A1C5E2C-5834-4826-82EE-73A0874E3C74} = {A61C1917-E725-4D08-8615-46D12D49C7AE}
		{D71FB226-128D-4655-AFCC-D80E51489D4A} = {5DFE1E78-0B28-4846-B3C2-B104ADC8B6D4}
		{335038A0-D46D-49AD-A315-6DA78B03205B} = {D71FB226-128D-4655-AFCC-D80E51489D4A}
		{FB1C4323-2A61-4D20-AAE7-045009E135C9} = {335038A0-D46D-49AD-A315-6DA78B03205B}
		{BB1CA918-B56C-43F3-8A98-6FC1B014344F} = {335038A0-D46D-49AD-A315-6DA78B03205B}
		{96799469-6526-44B2-8311-04EAE89E3081} = {335038A0-D46D-49AD-A315-6DA78B03205B}
	EndGlobalSection
	GlobalSection(ExtensibilityGlobals) = postSolution
		SolutionGuid = {20D216FB-332F-45F1-9D09-10C4EE42E5E5}
	EndGlobalSection
EndGlobal
