
Microsoft Visual Studio Solution File, Format Version 12.00
# Visual Studio Version 17
VisualStudioVersion = 17.11.35208.52
MinimumVisualStudioVersion = 10.0.40219.1
Project("{9A19103F-16F7-4668-BE54-9A1E7A4F7556}") = "Solution4", "Solution4\Solution4.csproj", "{E1CB1B8E-8027-4344-88E5-FFDDEDBE829C}"
EndProject
Project("{9A19103F-16F7-4668-BE54-9A1E7A4F7556}") = "DemoApp", "DemoApp\DemoApp.csproj", "{EEE133BF-C84D-4DB2-B5C5-83E1B960621F}"
EndProject
Project("{2150E333-8FDC-42A3-9474-1A3956D46DE8}") = "Solution Items", "Solution Items", "{EF9AF3BD-53DD-4710-968F-0ADE9E0F4536}"
	ProjectSection(SolutionItems) = preProject
		README.md = README.md
	EndProjectSection
EndProject
Project("{9A19103F-16F7-4668-BE54-9A1E7A4F7556}") = "Filters", "Filters\Filters.csproj", "{D9C34B34-76B2-496E-98D9-C6C24C69A6B4}"
EndProject
Project("{9A19103F-16F7-4668-BE54-9A1E7A4F7556}") = "Solution7", "Solution7\Solution7.csproj", "{D8879C82-ED2A-40C3-97FE-7AB736814DFF}"
EndProject
Project("{9A19103F-16F7-4668-BE54-9A1E7A4F7556}") = "Solution6", "Solution6\Solution6.csproj", "{FBDFC27C-0604-4F9C-BC31-335577B50998}"
EndProject
Project("{9A19103F-16F7-4668-BE54-9A1E7A4F7556}") = "Solution3", "Solution3\Solution3.csproj", "{6B8375E7-21A0-4DEC-A65F-255D92044967}"
EndProject
Project("{9A19103F-16F7-4668-BE54-9A1E7A4F7556}") = "Core.Utilities", "Core.Utilities\Core.Utilities.csproj", "{C075F808-10DE-4709-B6D3-89A009591421}"
EndProject
Project("{9A19103F-16F7-4668-BE54-9A1E7A4F7556}") = "Solution1", "Solution1\Solution1.csproj", "{FDF6974E-318A-4F78-B44A-66CA39E985EB}"
EndProject
Global
	GlobalSection(SolutionConfigurationPlatforms) = preSolution
		Debug|Any CPU = Debug|Any CPU
		Release|Any CPU = Release|Any CPU
	EndGlobalSection
	GlobalSection(ProjectConfigurationPlatforms) = postSolution
		{E1CB1B8E-8027-4344-88E5-FFDDEDBE829C}.Debug|Any CPU.ActiveCfg = Debug|Any CPU
		{E1CB1B8E-8027-4344-88E5-FFDDEDBE829C}.Debug|Any CPU.Build.0 = Debug|Any CPU
		{E1CB1B8E-8027-4344-88E5-FFDDEDBE829C}.Release|Any CPU.ActiveCfg = Release|Any CPU
		{E1CB1B8E-8027-4344-88E5-FFDDEDBE829C}.Release|Any CPU.Build.0 = Release|Any CPU
		{EEE133BF-C84D-4DB2-B5C5-83E1B960621F}.Debug|Any CPU.ActiveCfg = Debug|Any CPU
		{EEE133BF-C84D-4DB2-B5C5-83E1B960621F}.Debug|Any CPU.Build.0 = Debug|Any CPU
		{EEE133BF-C84D-4DB2-B5C5-83E1B960621F}.Release|Any CPU.ActiveCfg = Release|Any CPU
		{EEE133BF-C84D-4DB2-B5C5-83E1B960621F}.Release|Any CPU.Build.0 = Release|Any CPU
		{D9C34B34-76B2-496E-98D9-C6C24C69A6B4}.Debug|Any CPU.ActiveCfg = Debug|Any CPU
		{D9C34B34-76B2-496E-98D9-C6C24C69A6B4}.Debug|Any CPU.Build.0 = Debug|Any CPU
		{D9C34B34-76B2-496E-98D9-C6C24C69A6B4}.Release|Any CPU.ActiveCfg = Release|Any CPU
		{D9C34B34-76B2-496E-98D9-C6C24C69A6B4}.Release|Any CPU.Build.0 = Release|Any CPU
		{D8879C82-ED2A-40C3-97FE-7AB736814DFF}.Debug|Any CPU.ActiveCfg = Debug|Any CPU
		{D8879C82-ED2A-40C3-97FE-7AB736814DFF}.Debug|Any CPU.Build.0 = Debug|Any CPU
		{D8879C82-ED2A-40C3-97FE-7AB736814DFF}.Release|Any CPU.ActiveCfg = Release|Any CPU
		{D8879C82-ED2A-40C3-97FE-7AB736814DFF}.Release|Any CPU.Build.0 = Release|Any CPU
		{FBDFC27C-0604-4F9C-BC31-335577B50998}.Debug|Any CPU.ActiveCfg = Debug|Any CPU
		{FBDFC27C-0604-4F9C-BC31-335577B50998}.Debug|Any CPU.Build.0 = Debug|Any CPU
		{FBDFC27C-0604-4F9C-BC31-335577B50998}.Release|Any CPU.ActiveCfg = Release|Any CPU
		{FBDFC27C-0604-4F9C-BC31-335577B50998}.Release|Any CPU.Build.0 = Release|Any CPU
		{6B8375E7-21A0-4DEC-A65F-255D92044967}.Debug|Any CPU.ActiveCfg = Debug|Any CPU
		{6B8375E7-21A0-4DEC-A65F-255D92044967}.Debug|Any CPU.Build.0 = Debug|Any CPU
		{6B8375E7-21A0-4DEC-A65F-255D92044967}.Release|Any CPU.ActiveCfg = Release|Any CPU
		{6B8375E7-21A0-4DEC-A65F-255D92044967}.Release|Any CPU.Build.0 = Release|Any CPU
		{C075F808-10DE-4709-B6D3-89A009591421}.Debug|Any CPU.ActiveCfg = Debug|Any CPU
		{C075F808-10DE-4709-B6D3-89A009591421}.Debug|Any CPU.Build.0 = Debug|Any CPU
		{C075F808-10DE-4709-B6D3-89A009591421}.Release|Any CPU.ActiveCfg = Release|Any CPU
		{C075F808-10DE-4709-B6D3-89A009591421}.Release|Any CPU.Build.0 = Release|Any CPU
		{FDF6974E-318A-4F78-B44A-66CA39E985EB}.Debug|Any CPU.ActiveCfg = Debug|Any CPU
		{FDF6974E-318A-4F78-B44A-66CA39E985EB}.Debug|Any CPU.Build.0 = Debug|Any CPU
		{FDF6974E-318A-4F78-B44A-66CA39E985EB}.Release|Any CPU.ActiveCfg = Release|Any CPU
		{FDF6974E-318A-4F78-B44A-66CA39E985EB}.Release|Any CPU.Build.0 = Release|Any CPU
	EndGlobalSection
	GlobalSection(SolutionProperties) = preSolution
		HideSolutionNode = FALSE
	EndGlobalSection
	GlobalSection(ExtensibilityGlobals) = postSolution
		SolutionGuid = {268DC1F2-7C96-48B0-BE0C-ECF185C68B76}
	EndGlobalSection
EndGlobal
