
Microsoft Visual Studio Solution File, Format Version 12.00
# Visual Studio Version 17
VisualStudioVersion = 17.11.35208.52
MinimumVisualStudioVersion = 10.0.40219.1
Project("{9A19103F-16F7-4668-BE54-9A1E7A4F7556}") = "DemoApp", "DemoApp\DemoApp.csproj", "{EEE133BF-C84D-4DB2-B5C5-83E1B960621F}"
EndProject
Project("{9A19103F-16F7-4668-BE54-9A1E7A4F7556}") = "Filters", "Filters\Filters.csproj", "{D9C34B34-76B2-496E-98D9-C6C24C69A6B4}"
EndProject
Project("{9A19103F-16F7-4668-BE54-9A1E7A4F7556}") = "Agents", "Agents\Agents.csproj", "{76AEB8F9-8593-4DD8-918F-999B50C2682C}"
EndProject
Project("{9A19103F-16F7-4668-BE54-9A1E7A4F7556}") = "Config", "Config\Config.csproj", "{6EDE1C2E-FF37-4A8F-B68B-FEDB38894405}"
EndProject
Project("{FAE04EC0-301F-11D3-BF4B-00C04F79EFBC}") = "Solution1", "Solution1\Solution1.csproj", "{3E5AC4CD-4008-4BFF-8C36-BBE537A66F6E}"
EndProject
Global
	GlobalSection(SolutionConfigurationPlatforms) = preSolution
		Debug|Any CPU = Debug|Any CPU
		Release|Any CPU = Release|Any CPU
	EndGlobalSection
	GlobalSection(ProjectConfigurationPlatforms) = postSolution
		{EEE133BF-C84D-4DB2-B5C5-83E1B960621F}.Debug|Any CPU.ActiveCfg = Debug|Any CPU
		{EEE133BF-C84D-4DB2-B5C5-83E1B960621F}.Debug|Any CPU.Build.0 = Debug|Any CPU
		{EEE133BF-C84D-4DB2-B5C5-83E1B960621F}.Release|Any CPU.ActiveCfg = Release|Any CPU
		{EEE133BF-C84D-4DB2-B5C5-83E1B960621F}.Release|Any CPU.Build.0 = Release|Any CPU
		{D9C34B34-76B2-496E-98D9-C6C24C69A6B4}.Debug|Any CPU.ActiveCfg = Debug|Any CPU
		{D9C34B34-76B2-496E-98D9-C6C24C69A6B4}.Debug|Any CPU.Build.0 = Debug|Any CPU
		{D9C34B34-76B2-496E-98D9-C6C24C69A6B4}.Release|Any CPU.ActiveCfg = Release|Any CPU
		{D9C34B34-76B2-496E-98D9-C6C24C69A6B4}.Release|Any CPU.Build.0 = Release|Any CPU
		{76AEB8F9-8593-4DD8-918F-999B50C2682C}.Debug|Any CPU.ActiveCfg = Debug|Any CPU
		{76AEB8F9-8593-4DD8-918F-999B50C2682C}.Debug|Any CPU.Build.0 = Debug|Any CPU
		{76AEB8F9-8593-4DD8-918F-999B50C2682C}.Release|Any CPU.ActiveCfg = Release|Any CPU
		{76AEB8F9-8593-4DD8-918F-999B50C2682C}.Release|Any CPU.Build.0 = Release|Any CPU
		{6EDE1C2E-FF37-4A8F-B68B-FEDB38894405}.Debug|Any CPU.ActiveCfg = Debug|Any CPU
		{6EDE1C2E-FF37-4A8F-B68B-FEDB38894405}.Debug|Any CPU.Build.0 = Debug|Any CPU
		{6EDE1C2E-FF37-4A8F-B68B-FEDB38894405}.Release|Any CPU.ActiveCfg = Release|Any CPU
		{6EDE1C2E-FF37-4A8F-B68B-FEDB38894405}.Release|Any CPU.Build.0 = Release|Any CPU
		{3E5AC4CD-4008-4BFF-8C36-BBE537A66F6E}.Debug|Any CPU.ActiveCfg = Debug|Any CPU
		{3E5AC4CD-4008-4BFF-8C36-BBE537A66F6E}.Debug|Any CPU.Build.0 = Debug|Any CPU
		{3E5AC4CD-4008-4BFF-8C36-BBE537A66F6E}.Release|Any CPU.ActiveCfg = Release|Any CPU
		{3E5AC4CD-4008-4BFF-8C36-BBE537A66F6E}.Release|Any CPU.Build.0 = Release|Any CPU
	EndGlobalSection
	GlobalSection(SolutionProperties) = preSolution
		HideSolutionNode = FALSE
	EndGlobalSection
	GlobalSection(ExtensibilityGlobals) = postSolution
		SolutionGuid = {268DC1F2-7C96-48B0-BE0C-ECF185C68B76}
	EndGlobalSection
EndGlobal
